
Microsoft Visual Studio Solution File, Format Version 12.00
# Visual Studio 14
VisualStudioVersion = 14.0.23107.0
MinimumVisualStudioVersion = 10.0.40219.1
Project("{FAE04EC0-301F-11D3-BF4B-00C04F79EFBC}") = "TsarWars", "TsarWars.csproj", "{DB9FD081-049E-426D-849F-346F225BC062}"
EndProject
Project("{FAE04EC0-301F-11D3-BF4B-00C04F79EFBC}") = "TsarWarsTesting", "..\TsarWarsTesting\TsarWarsTesting.csproj", "{2A49E709-90E6-4B93-AB36-2B7C68498135}"
EndProject
Global
	GlobalSection(SolutionConfigurationPlatforms) = preSolution
		Debug|Any CPU = Debug|Any CPU
		Release|Any CPU = Release|Any CPU
	EndGlobalSection
	GlobalSection(ProjectConfigurationPlatforms) = postSolution
		{DB9FD081-049E-426D-849F-346F225BC062}.Debug|Any CPU.ActiveCfg = Debug|Any CPU
		{DB9FD081-049E-426D-849F-346F225BC062}.Debug|Any CPU.Build.0 = Debug|Any CPU
		{DB9FD081-049E-426D-849F-346F225BC062}.Release|Any CPU.ActiveCfg = Release|Any CPU
		{DB9FD081-049E-426D-849F-346F225BC062}.Release|Any CPU.Build.0 = Release|Any CPU
		{2A49E709-90E6-4B93-AB36-2B7C68498135}.Debug|Any CPU.ActiveCfg = Debug|Any CPU
		{2A49E709-90E6-4B93-AB36-2B7C68498135}.Debug|Any CPU.Build.0 = Debug|Any CPU
		{2A49E709-90E6-4B93-AB36-2B7C68498135}.Release|Any CPU.ActiveCfg = Release|Any CPU
		{2A49E709-90E6-4B93-AB36-2B7C68498135}.Release|Any CPU.Build.0 = Release|Any CPU
	EndGlobalSection
	GlobalSection(SolutionProperties) = preSolution
		HideSolutionNode = FALSE
	EndGlobalSection
EndGlobal
